// !$*UTF8*$!
{
	archiveVersion = 1;
	classes = {
	};
	objectVersion = 46;
	objects = {

/* Begin PBXBuildFile section */
		29E44B66ACF1D336223C6D5F /* Particle.cpp in Sources */ = {isa = PBXBuildFile; fileRef = ACEEE5DC9831FFBD95787112 /* Particle.cpp */; };
		6F12D61018FACF14001E0A0A /* assimp.a in Frameworks */ = {isa = PBXBuildFile; fileRef = 6F12D60518FACF14001E0A0A /* assimp.a */; };
		6F12D61118FACF14001E0A0A /* ofxAssimpAnimation.cpp in Sources */ = {isa = PBXBuildFile; fileRef = 6F12D60718FACF14001E0A0A /* ofxAssimpAnimation.cpp */; };
		6F12D61218FACF14001E0A0A /* ofxAssimpMeshHelper.cpp in Sources */ = {isa = PBXBuildFile; fileRef = 6F12D60918FACF14001E0A0A /* ofxAssimpMeshHelper.cpp */; };
		6F12D61318FACF14001E0A0A /* ofxAssimpModelLoader.cpp in Sources */ = {isa = PBXBuildFile; fileRef = 6F12D60B18FACF14001E0A0A /* ofxAssimpModelLoader.cpp */; };
		6F12D61418FACF14001E0A0A /* ofxAssimpTexture.cpp in Sources */ = {isa = PBXBuildFile; fileRef = 6F12D60D18FACF14001E0A0A /* ofxAssimpTexture.cpp */; };
		6F93BD3218EB5D5000A043DA /* libOpenNI.dylib in Frameworks */ = {isa = PBXBuildFile; fileRef = 6F93BD2D18EB5D5000A043DA /* libOpenNI.dylib */; };
		6F93BD3718EB5E9C00A043DA /* org.openni.jar in CopyFiles */ = {isa = PBXBuildFile; fileRef = 6F93BD3418EB5D7000A043DA /* org.openni.jar */; };
		6F93BD3818EB5E9C00A043DA /* libnimCodecs.dylib in CopyFiles */ = {isa = PBXBuildFile; fileRef = 6F93BD2A18EB5D5000A043DA /* libnimCodecs.dylib */; };
		6F93BD3918EB5E9C00A043DA /* libnimMockNodes.dylib in CopyFiles */ = {isa = PBXBuildFile; fileRef = 6F93BD2B18EB5D5000A043DA /* libnimMockNodes.dylib */; };
		6F93BD3A18EB5E9C00A043DA /* libnimRecorder.dylib in CopyFiles */ = {isa = PBXBuildFile; fileRef = 6F93BD2C18EB5D5000A043DA /* libnimRecorder.dylib */; };
		6F93BD3B18EB5E9C00A043DA /* libOpenNI.dylib in CopyFiles */ = {isa = PBXBuildFile; fileRef = 6F93BD2D18EB5D5000A043DA /* libOpenNI.dylib */; };
		6F93BD3C18EB5E9C00A043DA /* libOpenNI.jni.dylib in CopyFiles */ = {isa = PBXBuildFile; fileRef = 6F93BD2E18EB5D5000A043DA /* libOpenNI.jni.dylib */; };
		6F93BDD418F07C0E00A043DA /* main.cpp in Sources */ = {isa = PBXBuildFile; fileRef = 6F93BDD318F07C0E00A043DA /* main.cpp */; };
		6FF43D1A18F73ECD0039A5C5 /* Boid.cpp in Sources */ = {isa = PBXBuildFile; fileRef = 6FF43D1818F73ECD0039A5C5 /* Boid.cpp */; };
		6FF43D2718F85DBB0039A5C5 /* BoidMachine.cpp in Sources */ = {isa = PBXBuildFile; fileRef = 6FF43D2518F85DBB0039A5C5 /* BoidMachine.cpp */; };
		6FF43D2A18F86F9D0039A5C5 /* ForceField.cpp in Sources */ = {isa = PBXBuildFile; fileRef = 6FF43D2818F86F9D0039A5C5 /* ForceField.cpp */; };
		BBAB23CB13894F3D00AA2426 /* GLUT.framework in CopyFiles */ = {isa = PBXBuildFile; fileRef = BBAB23BE13894E4700AA2426 /* GLUT.framework */; };
		E4328149138ABC9F0047C5CB /* openFrameworksDebug.a in Frameworks */ = {isa = PBXBuildFile; fileRef = E4328148138ABC890047C5CB /* openFrameworksDebug.a */; };
		E45BE97B0E8CC7DD009D7055 /* AGL.framework in Frameworks */ = {isa = PBXBuildFile; fileRef = E45BE9710E8CC7DD009D7055 /* AGL.framework */; };
		E45BE97C0E8CC7DD009D7055 /* ApplicationServices.framework in Frameworks */ = {isa = PBXBuildFile; fileRef = E45BE9720E8CC7DD009D7055 /* ApplicationServices.framework */; };
		E45BE97D0E8CC7DD009D7055 /* AudioToolbox.framework in Frameworks */ = {isa = PBXBuildFile; fileRef = E45BE9730E8CC7DD009D7055 /* AudioToolbox.framework */; };
		E45BE97F0E8CC7DD009D7055 /* CoreAudio.framework in Frameworks */ = {isa = PBXBuildFile; fileRef = E45BE9750E8CC7DD009D7055 /* CoreAudio.framework */; };
		E45BE9800E8CC7DD009D7055 /* CoreFoundation.framework in Frameworks */ = {isa = PBXBuildFile; fileRef = E45BE9760E8CC7DD009D7055 /* CoreFoundation.framework */; };
		E45BE9810E8CC7DD009D7055 /* CoreServices.framework in Frameworks */ = {isa = PBXBuildFile; fileRef = E45BE9770E8CC7DD009D7055 /* CoreServices.framework */; };
		E45BE9830E8CC7DD009D7055 /* OpenGL.framework in Frameworks */ = {isa = PBXBuildFile; fileRef = E45BE9790E8CC7DD009D7055 /* OpenGL.framework */; };
		E45BE9840E8CC7DD009D7055 /* QuickTime.framework in Frameworks */ = {isa = PBXBuildFile; fileRef = E45BE97A0E8CC7DD009D7055 /* QuickTime.framework */; };
		E4B69E210A3A1BDC003C02F2 /* ofApp.cpp in Sources */ = {isa = PBXBuildFile; fileRef = E4B69E1E0A3A1BDC003C02F2 /* ofApp.cpp */; };
		E4C2424710CC5A17004149E2 /* AppKit.framework in Frameworks */ = {isa = PBXBuildFile; fileRef = E4C2424410CC5A17004149E2 /* AppKit.framework */; };
		E4C2424810CC5A17004149E2 /* Cocoa.framework in Frameworks */ = {isa = PBXBuildFile; fileRef = E4C2424510CC5A17004149E2 /* Cocoa.framework */; };
		E4C2424910CC5A17004149E2 /* IOKit.framework in Frameworks */ = {isa = PBXBuildFile; fileRef = E4C2424610CC5A17004149E2 /* IOKit.framework */; };
		E4EB6799138ADC1D00A09F29 /* GLUT.framework in Frameworks */ = {isa = PBXBuildFile; fileRef = BBAB23BE13894E4700AA2426 /* GLUT.framework */; };
		E7E077E515D3B63C0020DFD4 /* CoreVideo.framework in Frameworks */ = {isa = PBXBuildFile; fileRef = E7E077E415D3B63C0020DFD4 /* CoreVideo.framework */; };
		E7E077E815D3B6510020DFD4 /* QTKit.framework in Frameworks */ = {isa = PBXBuildFile; fileRef = E7E077E715D3B6510020DFD4 /* QTKit.framework */; };
		E7F985F815E0DEA3003869B5 /* Accelerate.framework in Frameworks */ = {isa = PBXBuildFile; fileRef = E7F985F515E0DE99003869B5 /* Accelerate.framework */; };
/* End PBXBuildFile section */

/* Begin PBXContainerItemProxy section */
		E4328147138ABC890047C5CB /* PBXContainerItemProxy */ = {
			isa = PBXContainerItemProxy;
			containerPortal = E4328143138ABC890047C5CB /* openFrameworksLib.xcodeproj */;
			proxyType = 2;
			remoteGlobalIDString = E4B27C1510CBEB8E00536013;
			remoteInfo = openFrameworks;
		};
		E4EEB9AB138B136A00A80321 /* PBXContainerItemProxy */ = {
			isa = PBXContainerItemProxy;
			containerPortal = E4328143138ABC890047C5CB /* openFrameworksLib.xcodeproj */;
			proxyType = 1;
			remoteGlobalIDString = E4B27C1410CBEB8E00536013;
			remoteInfo = openFrameworks;
		};
/* End PBXContainerItemProxy section */

/* Begin PBXCopyFilesBuildPhase section */
		6F93BD3618EB5E8C00A043DA /* CopyFiles */ = {
			isa = PBXCopyFilesBuildPhase;
			buildActionMask = 2147483647;
			dstPath = "";
			dstSubfolderSpec = 7;
			files = (
				6F93BD3718EB5E9C00A043DA /* org.openni.jar in CopyFiles */,
				6F93BD3818EB5E9C00A043DA /* libnimCodecs.dylib in CopyFiles */,
				6F93BD3918EB5E9C00A043DA /* libnimMockNodes.dylib in CopyFiles */,
				6F93BD3A18EB5E9C00A043DA /* libnimRecorder.dylib in CopyFiles */,
				6F93BD3B18EB5E9C00A043DA /* libOpenNI.dylib in CopyFiles */,
				6F93BD3C18EB5E9C00A043DA /* libOpenNI.jni.dylib in CopyFiles */,
			);
			runOnlyForDeploymentPostprocessing = 0;
		};
		E4C2427710CC5ABF004149E2 /* CopyFiles */ = {
			isa = PBXCopyFilesBuildPhase;
			buildActionMask = 2147483647;
			dstPath = "";
			dstSubfolderSpec = 10;
			files = (
				BBAB23CB13894F3D00AA2426 /* GLUT.framework in CopyFiles */,
			);
			runOnlyForDeploymentPostprocessing = 0;
		};
/* End PBXCopyFilesBuildPhase section */

/* Begin PBXFileReference section */
		6F12D5DA18FACF14001E0A0A /* addon_config.mk */ = {isa = PBXFileReference; fileEncoding = 4; lastKnownFileType = text; path = addon_config.mk; sourceTree = "<group>"; };
		6F12D5DE18FACF14001E0A0A /* aiAnim.h */ = {isa = PBXFileReference; fileEncoding = 4; lastKnownFileType = sourcecode.c.h; path = aiAnim.h; sourceTree = "<group>"; };
		6F12D5DF18FACF14001E0A0A /* aiAssert.h */ = {isa = PBXFileReference; fileEncoding = 4; lastKnownFileType = sourcecode.c.h; path = aiAssert.h; sourceTree = "<group>"; };
		6F12D5E018FACF14001E0A0A /* aiCamera.h */ = {isa = PBXFileReference; fileEncoding = 4; lastKnownFileType = sourcecode.c.h; path = aiCamera.h; sourceTree = "<group>"; };
		6F12D5E118FACF14001E0A0A /* aiColor4D.h */ = {isa = PBXFileReference; fileEncoding = 4; lastKnownFileType = sourcecode.c.h; path = aiColor4D.h; sourceTree = "<group>"; };
		6F12D5E218FACF14001E0A0A /* aiColor4D.inl */ = {isa = PBXFileReference; fileEncoding = 4; lastKnownFileType = text; path = aiColor4D.inl; sourceTree = "<group>"; };
		6F12D5E318FACF14001E0A0A /* aiConfig.h */ = {isa = PBXFileReference; fileEncoding = 4; lastKnownFileType = sourcecode.c.h; path = aiConfig.h; sourceTree = "<group>"; };
		6F12D5E418FACF14001E0A0A /* aiDefines.h */ = {isa = PBXFileReference; fileEncoding = 4; lastKnownFileType = sourcecode.c.h; path = aiDefines.h; sourceTree = "<group>"; };
		6F12D5E518FACF14001E0A0A /* aiFileIO.h */ = {isa = PBXFileReference; fileEncoding = 4; lastKnownFileType = sourcecode.c.h; path = aiFileIO.h; sourceTree = "<group>"; };
		6F12D5E618FACF14001E0A0A /* aiLight.h */ = {isa = PBXFileReference; fileEncoding = 4; lastKnownFileType = sourcecode.c.h; path = aiLight.h; sourceTree = "<group>"; };
		6F12D5E718FACF14001E0A0A /* aiMaterial.h */ = {isa = PBXFileReference; fileEncoding = 4; lastKnownFileType = sourcecode.c.h; path = aiMaterial.h; sourceTree = "<group>"; };
		6F12D5E818FACF14001E0A0A /* aiMaterial.inl */ = {isa = PBXFileReference; fileEncoding = 4; lastKnownFileType = text; path = aiMaterial.inl; sourceTree = "<group>"; };
		6F12D5E918FACF14001E0A0A /* aiMatrix3x3.h */ = {isa = PBXFileReference; fileEncoding = 4; lastKnownFileType = sourcecode.c.h; path = aiMatrix3x3.h; sourceTree = "<group>"; };
		6F12D5EA18FACF14001E0A0A /* aiMatrix3x3.inl */ = {isa = PBXFileReference; fileEncoding = 4; lastKnownFileType = text; path = aiMatrix3x3.inl; sourceTree = "<group>"; };
		6F12D5EB18FACF14001E0A0A /* aiMatrix4x4.h */ = {isa = PBXFileReference; fileEncoding = 4; lastKnownFileType = sourcecode.c.h; path = aiMatrix4x4.h; sourceTree = "<group>"; };
		6F12D5EC18FACF14001E0A0A /* aiMatrix4x4.inl */ = {isa = PBXFileReference; fileEncoding = 4; lastKnownFileType = text; path = aiMatrix4x4.inl; sourceTree = "<group>"; };
		6F12D5ED18FACF14001E0A0A /* aiMesh.h */ = {isa = PBXFileReference; fileEncoding = 4; lastKnownFileType = sourcecode.c.h; path = aiMesh.h; sourceTree = "<group>"; };
		6F12D5EE18FACF14001E0A0A /* aiPostProcess.h */ = {isa = PBXFileReference; fileEncoding = 4; lastKnownFileType = sourcecode.c.h; path = aiPostProcess.h; sourceTree = "<group>"; };
		6F12D5EF18FACF14001E0A0A /* aiQuaternion.h */ = {isa = PBXFileReference; fileEncoding = 4; lastKnownFileType = sourcecode.c.h; path = aiQuaternion.h; sourceTree = "<group>"; };
		6F12D5F018FACF14001E0A0A /* aiScene.h */ = {isa = PBXFileReference; fileEncoding = 4; lastKnownFileType = sourcecode.c.h; path = aiScene.h; sourceTree = "<group>"; };
		6F12D5F118FACF14001E0A0A /* aiTexture.h */ = {isa = PBXFileReference; fileEncoding = 4; lastKnownFileType = sourcecode.c.h; path = aiTexture.h; sourceTree = "<group>"; };
		6F12D5F218FACF14001E0A0A /* aiTypes.h */ = {isa = PBXFileReference; fileEncoding = 4; lastKnownFileType = sourcecode.c.h; path = aiTypes.h; sourceTree = "<group>"; };
		6F12D5F318FACF14001E0A0A /* aiVector2D.h */ = {isa = PBXFileReference; fileEncoding = 4; lastKnownFileType = sourcecode.c.h; path = aiVector2D.h; sourceTree = "<group>"; };
		6F12D5F418FACF14001E0A0A /* aiVector3D.h */ = {isa = PBXFileReference; fileEncoding = 4; lastKnownFileType = sourcecode.c.h; path = aiVector3D.h; sourceTree = "<group>"; };
		6F12D5F518FACF14001E0A0A /* aiVector3D.inl */ = {isa = PBXFileReference; fileEncoding = 4; lastKnownFileType = text; path = aiVector3D.inl; sourceTree = "<group>"; };
		6F12D5F618FACF14001E0A0A /* aiVersion.h */ = {isa = PBXFileReference; fileEncoding = 4; lastKnownFileType = sourcecode.c.h; path = aiVersion.h; sourceTree = "<group>"; };
		6F12D5F718FACF14001E0A0A /* assimp.h */ = {isa = PBXFileReference; fileEncoding = 4; lastKnownFileType = sourcecode.c.h; path = assimp.h; sourceTree = "<group>"; };
		6F12D5F818FACF14001E0A0A /* assimp.hpp */ = {isa = PBXFileReference; fileEncoding = 4; lastKnownFileType = sourcecode.cpp.h; path = assimp.hpp; sourceTree = "<group>"; };
		6F12D5FA18FACF14001E0A0A /* poppack1.h */ = {isa = PBXFileReference; fileEncoding = 4; lastKnownFileType = sourcecode.c.h; path = poppack1.h; sourceTree = "<group>"; };
		6F12D5FB18FACF14001E0A0A /* pushpack1.h */ = {isa = PBXFileReference; fileEncoding = 4; lastKnownFileType = sourcecode.c.h; path = pushpack1.h; sourceTree = "<group>"; };
		6F12D5FC18FACF14001E0A0A /* DefaultLogger.h */ = {isa = PBXFileReference; fileEncoding = 4; lastKnownFileType = sourcecode.c.h; path = DefaultLogger.h; sourceTree = "<group>"; };
		6F12D5FD18FACF14001E0A0A /* IOStream.h */ = {isa = PBXFileReference; fileEncoding = 4; lastKnownFileType = sourcecode.c.h; path = IOStream.h; sourceTree = "<group>"; };
		6F12D5FE18FACF14001E0A0A /* IOSystem.h */ = {isa = PBXFileReference; fileEncoding = 4; lastKnownFileType = sourcecode.c.h; path = IOSystem.h; sourceTree = "<group>"; };
		6F12D5FF18FACF14001E0A0A /* Logger.h */ = {isa = PBXFileReference; fileEncoding = 4; lastKnownFileType = sourcecode.c.h; path = Logger.h; sourceTree = "<group>"; };
		6F12D60018FACF14001E0A0A /* LogStream.h */ = {isa = PBXFileReference; fileEncoding = 4; lastKnownFileType = sourcecode.c.h; path = LogStream.h; sourceTree = "<group>"; };
		6F12D60118FACF14001E0A0A /* NullLogger.h */ = {isa = PBXFileReference; fileEncoding = 4; lastKnownFileType = sourcecode.c.h; path = NullLogger.h; sourceTree = "<group>"; };
		6F12D60218FACF14001E0A0A /* ProgressHandler.h */ = {isa = PBXFileReference; fileEncoding = 4; lastKnownFileType = sourcecode.c.h; path = ProgressHandler.h; sourceTree = "<group>"; };
		6F12D60518FACF14001E0A0A /* assimp.a */ = {isa = PBXFileReference; lastKnownFileType = archive.ar; path = assimp.a; sourceTree = "<group>"; };
		6F12D60718FACF14001E0A0A /* ofxAssimpAnimation.cpp */ = {isa = PBXFileReference; fileEncoding = 4; lastKnownFileType = sourcecode.cpp.cpp; path = ofxAssimpAnimation.cpp; sourceTree = "<group>"; };
		6F12D60818FACF14001E0A0A /* ofxAssimpAnimation.h */ = {isa = PBXFileReference; fileEncoding = 4; lastKnownFileType = sourcecode.c.h; path = ofxAssimpAnimation.h; sourceTree = "<group>"; };
		6F12D60918FACF14001E0A0A /* ofxAssimpMeshHelper.cpp */ = {isa = PBXFileReference; fileEncoding = 4; lastKnownFileType = sourcecode.cpp.cpp; path = ofxAssimpMeshHelper.cpp; sourceTree = "<group>"; };
		6F12D60A18FACF14001E0A0A /* ofxAssimpMeshHelper.h */ = {isa = PBXFileReference; fileEncoding = 4; lastKnownFileType = sourcecode.c.h; path = ofxAssimpMeshHelper.h; sourceTree = "<group>"; };
		6F12D60B18FACF14001E0A0A /* ofxAssimpModelLoader.cpp */ = {isa = PBXFileReference; fileEncoding = 4; lastKnownFileType = sourcecode.cpp.cpp; path = ofxAssimpModelLoader.cpp; sourceTree = "<group>"; };
		6F12D60C18FACF14001E0A0A /* ofxAssimpModelLoader.h */ = {isa = PBXFileReference; fileEncoding = 4; lastKnownFileType = sourcecode.c.h; path = ofxAssimpModelLoader.h; sourceTree = "<group>"; };
		6F12D60D18FACF14001E0A0A /* ofxAssimpTexture.cpp */ = {isa = PBXFileReference; fileEncoding = 4; lastKnownFileType = sourcecode.cpp.cpp; path = ofxAssimpTexture.cpp; sourceTree = "<group>"; };
		6F12D60E18FACF14001E0A0A /* ofxAssimpTexture.h */ = {isa = PBXFileReference; fileEncoding = 4; lastKnownFileType = sourcecode.c.h; path = ofxAssimpTexture.h; sourceTree = "<group>"; };
		6F12D60F18FACF14001E0A0A /* ofxAssimpUtils.h */ = {isa = PBXFileReference; fileEncoding = 4; lastKnownFileType = sourcecode.c.h; path = ofxAssimpUtils.h; sourceTree = "<group>"; };
		6F3EB80E19198DF800C6A0AD /* introspection-illusionDebug.app */ = {isa = PBXFileReference; explicitFileType = wrapper.application; includeInIndex = 0; path = "introspection-illusionDebug.app"; sourceTree = BUILT_PRODUCTS_DIR; };
		6F93BD2A18EB5D5000A043DA /* libnimCodecs.dylib */ = {isa = PBXFileReference; lastKnownFileType = "compiled.mach-o.dylib"; name = libnimCodecs.dylib; path = "../../../../../kinect/OpenNI-Bin-Dev-MacOSX-v1.5.7.10/Lib/libnimCodecs.dylib"; sourceTree = "<group>"; };
		6F93BD2B18EB5D5000A043DA /* libnimMockNodes.dylib */ = {isa = PBXFileReference; lastKnownFileType = "compiled.mach-o.dylib"; name = libnimMockNodes.dylib; path = "../../../../../kinect/OpenNI-Bin-Dev-MacOSX-v1.5.7.10/Lib/libnimMockNodes.dylib"; sourceTree = "<group>"; };
		6F93BD2C18EB5D5000A043DA /* libnimRecorder.dylib */ = {isa = PBXFileReference; lastKnownFileType = "compiled.mach-o.dylib"; name = libnimRecorder.dylib; path = "../../../../../kinect/OpenNI-Bin-Dev-MacOSX-v1.5.7.10/Lib/libnimRecorder.dylib"; sourceTree = "<group>"; };
		6F93BD2D18EB5D5000A043DA /* libOpenNI.dylib */ = {isa = PBXFileReference; lastKnownFileType = "compiled.mach-o.dylib"; name = libOpenNI.dylib; path = "../../../../../kinect/OpenNI-Bin-Dev-MacOSX-v1.5.7.10/Lib/libOpenNI.dylib"; sourceTree = "<group>"; };
		6F93BD2E18EB5D5000A043DA /* libOpenNI.jni.dylib */ = {isa = PBXFileReference; lastKnownFileType = "compiled.mach-o.dylib"; name = libOpenNI.jni.dylib; path = "../../../../../kinect/OpenNI-Bin-Dev-MacOSX-v1.5.7.10/Lib/libOpenNI.jni.dylib"; sourceTree = "<group>"; };
		6F93BD3418EB5D7000A043DA /* org.openni.jar */ = {isa = PBXFileReference; lastKnownFileType = archive.jar; name = org.openni.jar; path = "../../../../../kinect/OpenNI-Bin-Dev-MacOSX-v1.5.7.10/Jar/org.openni.jar"; sourceTree = "<group>"; };
		6F93BD3E18EB5EF000A043DA /* IXnNodeAllocator.h */ = {isa = PBXFileReference; fileEncoding = 4; lastKnownFileType = sourcecode.c.h; name = IXnNodeAllocator.h; path = "../../../../../kinect/OpenNI-Bin-Dev-MacOSX-v1.5.7.10/Include/IXnNodeAllocator.h"; sourceTree = "<group>"; };
		6F93BD3F18EB5EF000A043DA /* Linux-Arm */ = {isa = PBXFileReference; lastKnownFileType = folder; name = "Linux-Arm"; path = "../../../../../kinect/OpenNI-Bin-Dev-MacOSX-v1.5.7.10/Include/Linux-Arm"; sourceTree = "<group>"; };
		6F93BD4018EB5EF000A043DA /* Linux-x86 */ = {isa = PBXFileReference; lastKnownFileType = folder; name = "Linux-x86"; path = "../../../../../kinect/OpenNI-Bin-Dev-MacOSX-v1.5.7.10/Include/Linux-x86"; sourceTree = "<group>"; };
		6F93BD4118EB5EF000A043DA /* MacOSX */ = {isa = PBXFileReference; lastKnownFileType = folder; name = MacOSX; path = "../../../../../kinect/OpenNI-Bin-Dev-MacOSX-v1.5.7.10/Include/MacOSX"; sourceTree = "<group>"; };
		6F93BD4218EB5EF000A043DA /* XnAlgorithms.h */ = {isa = PBXFileReference; fileEncoding = 4; lastKnownFileType = sourcecode.c.h; name = XnAlgorithms.h; path = "../../../../../kinect/OpenNI-Bin-Dev-MacOSX-v1.5.7.10/Include/XnAlgorithms.h"; sourceTree = "<group>"; };
		6F93BD4318EB5EF000A043DA /* XnArray.h */ = {isa = PBXFileReference; fileEncoding = 4; lastKnownFileType = sourcecode.c.h; name = XnArray.h; path = "../../../../../kinect/OpenNI-Bin-Dev-MacOSX-v1.5.7.10/Include/XnArray.h"; sourceTree = "<group>"; };
		6F93BD4418EB5EF000A043DA /* XnBaseNode.h */ = {isa = PBXFileReference; fileEncoding = 4; lastKnownFileType = sourcecode.c.h; name = XnBaseNode.h; path = "../../../../../kinect/OpenNI-Bin-Dev-MacOSX-v1.5.7.10/Include/XnBaseNode.h"; sourceTree = "<group>"; };
		6F93BD4518EB5EF000A043DA /* XnBitSet.h */ = {isa = PBXFileReference; fileEncoding = 4; lastKnownFileType = sourcecode.c.h; name = XnBitSet.h; path = "../../../../../kinect/OpenNI-Bin-Dev-MacOSX-v1.5.7.10/Include/XnBitSet.h"; sourceTree = "<group>"; };
		6F93BD4618EB5EF000A043DA /* XnCallback.h */ = {isa = PBXFileReference; fileEncoding = 4; lastKnownFileType = sourcecode.c.h; name = XnCallback.h; path = "../../../../../kinect/OpenNI-Bin-Dev-MacOSX-v1.5.7.10/Include/XnCallback.h"; sourceTree = "<group>"; };
		6F93BD4718EB5EF000A043DA /* XnCodecIDs.h */ = {isa = PBXFileReference; fileEncoding = 4; lastKnownFileType = sourcecode.c.h; name = XnCodecIDs.h; path = "../../../../../kinect/OpenNI-Bin-Dev-MacOSX-v1.5.7.10/Include/XnCodecIDs.h"; sourceTree = "<group>"; };
		6F93BD4818EB5EF000A043DA /* XnContext.h */ = {isa = PBXFileReference; fileEncoding = 4; lastKnownFileType = sourcecode.c.h; name = XnContext.h; path = "../../../../../kinect/OpenNI-Bin-Dev-MacOSX-v1.5.7.10/Include/XnContext.h"; sourceTree = "<group>"; };
		6F93BD4918EB5EF000A043DA /* XnCppWrapper.h */ = {isa = PBXFileReference; fileEncoding = 4; lastKnownFileType = sourcecode.c.h; name = XnCppWrapper.h; path = "../../../../../kinect/OpenNI-Bin-Dev-MacOSX-v1.5.7.10/Include/XnCppWrapper.h"; sourceTree = "<group>"; };
		6F93BD4A18EB5EF000A043DA /* XnCyclicQueueT.h */ = {isa = PBXFileReference; fileEncoding = 4; lastKnownFileType = sourcecode.c.h; name = XnCyclicQueueT.h; path = "../../../../../kinect/OpenNI-Bin-Dev-MacOSX-v1.5.7.10/Include/XnCyclicQueueT.h"; sourceTree = "<group>"; };
		6F93BD4B18EB5EF000A043DA /* XnCyclicStackT.h */ = {isa = PBXFileReference; fileEncoding = 4; lastKnownFileType = sourcecode.c.h; name = XnCyclicStackT.h; path = "../../../../../kinect/OpenNI-Bin-Dev-MacOSX-v1.5.7.10/Include/XnCyclicStackT.h"; sourceTree = "<group>"; };
		6F93BD4C18EB5EF000A043DA /* XnDataTypes.h */ = {isa = PBXFileReference; fileEncoding = 4; lastKnownFileType = sourcecode.c.h; name = XnDataTypes.h; path = "../../../../../kinect/OpenNI-Bin-Dev-MacOSX-v1.5.7.10/Include/XnDataTypes.h"; sourceTree = "<group>"; };
		6F93BD4D18EB5EF000A043DA /* XnDerivedCast.h */ = {isa = PBXFileReference; fileEncoding = 4; lastKnownFileType = sourcecode.c.h; name = XnDerivedCast.h; path = "../../../../../kinect/OpenNI-Bin-Dev-MacOSX-v1.5.7.10/Include/XnDerivedCast.h"; sourceTree = "<group>"; };
		6F93BD4E18EB5EF000A043DA /* XnDump.h */ = {isa = PBXFileReference; fileEncoding = 4; lastKnownFileType = sourcecode.c.h; name = XnDump.h; path = "../../../../../kinect/OpenNI-Bin-Dev-MacOSX-v1.5.7.10/Include/XnDump.h"; sourceTree = "<group>"; };
		6F93BD4F18EB5EF000A043DA /* XnDumpWriters.h */ = {isa = PBXFileReference; fileEncoding = 4; lastKnownFileType = sourcecode.c.h; name = XnDumpWriters.h; path = "../../../../../kinect/OpenNI-Bin-Dev-MacOSX-v1.5.7.10/Include/XnDumpWriters.h"; sourceTree = "<group>"; };
		6F93BD5018EB5EF000A043DA /* XnEnumerationErrors.h */ = {isa = PBXFileReference; fileEncoding = 4; lastKnownFileType = sourcecode.c.h; name = XnEnumerationErrors.h; path = "../../../../../kinect/OpenNI-Bin-Dev-MacOSX-v1.5.7.10/Include/XnEnumerationErrors.h"; sourceTree = "<group>"; };
		6F93BD5118EB5EF000A043DA /* XnEvent.h */ = {isa = PBXFileReference; fileEncoding = 4; lastKnownFileType = sourcecode.c.h; name = XnEvent.h; path = "../../../../../kinect/OpenNI-Bin-Dev-MacOSX-v1.5.7.10/Include/XnEvent.h"; sourceTree = "<group>"; };
		6F93BD5218EB5EF000A043DA /* XnEventT.h */ = {isa = PBXFileReference; fileEncoding = 4; lastKnownFileType = sourcecode.c.h; name = XnEventT.h; path = "../../../../../kinect/OpenNI-Bin-Dev-MacOSX-v1.5.7.10/Include/XnEventT.h"; sourceTree = "<group>"; };
		6F93BD5318EB5EF000A043DA /* XnFPSCalculator.h */ = {isa = PBXFileReference; fileEncoding = 4; lastKnownFileType = sourcecode.c.h; name = XnFPSCalculator.h; path = "../../../../../kinect/OpenNI-Bin-Dev-MacOSX-v1.5.7.10/Include/XnFPSCalculator.h"; sourceTree = "<group>"; };
		6F93BD5418EB5EF000A043DA /* XnGeneralBuffer.h */ = {isa = PBXFileReference; fileEncoding = 4; lastKnownFileType = sourcecode.c.h; name = XnGeneralBuffer.h; path = "../../../../../kinect/OpenNI-Bin-Dev-MacOSX-v1.5.7.10/Include/XnGeneralBuffer.h"; sourceTree = "<group>"; };
		6F93BD5518EB5EF000A043DA /* XnHash.h */ = {isa = PBXFileReference; fileEncoding = 4; lastKnownFileType = sourcecode.c.h; name = XnHash.h; path = "../../../../../kinect/OpenNI-Bin-Dev-MacOSX-v1.5.7.10/Include/XnHash.h"; sourceTree = "<group>"; };
		6F93BD5618EB5EF000A043DA /* XnHashT.h */ = {isa = PBXFileReference; fileEncoding = 4; lastKnownFileType = sourcecode.c.h; name = XnHashT.h; path = "../../../../../kinect/OpenNI-Bin-Dev-MacOSX-v1.5.7.10/Include/XnHashT.h"; sourceTree = "<group>"; };
		6F93BD5718EB5EF000A043DA /* XnInternalDefs.h */ = {isa = PBXFileReference; fileEncoding = 4; lastKnownFileType = sourcecode.c.h; name = XnInternalDefs.h; path = "../../../../../kinect/OpenNI-Bin-Dev-MacOSX-v1.5.7.10/Include/XnInternalDefs.h"; sourceTree = "<group>"; };
		6F93BD5818EB5EF000A043DA /* XnLicensing.h */ = {isa = PBXFileReference; fileEncoding = 4; lastKnownFileType = sourcecode.c.h; name = XnLicensing.h; path = "../../../../../kinect/OpenNI-Bin-Dev-MacOSX-v1.5.7.10/Include/XnLicensing.h"; sourceTree = "<group>"; };
		6F93BD5918EB5EF000A043DA /* XnList.h */ = {isa = PBXFileReference; fileEncoding = 4; lastKnownFileType = sourcecode.c.h; name = XnList.h; path = "../../../../../kinect/OpenNI-Bin-Dev-MacOSX-v1.5.7.10/Include/XnList.h"; sourceTree = "<group>"; };
		6F93BD5A18EB5EF000A043DA /* XnListT.h */ = {isa = PBXFileReference; fileEncoding = 4; lastKnownFileType = sourcecode.c.h; name = XnListT.h; path = "../../../../../kinect/OpenNI-Bin-Dev-MacOSX-v1.5.7.10/Include/XnListT.h"; sourceTree = "<group>"; };
		6F93BD5B18EB5EF000A043DA /* XnLog.h */ = {isa = PBXFileReference; fileEncoding = 4; lastKnownFileType = sourcecode.c.h; name = XnLog.h; path = "../../../../../kinect/OpenNI-Bin-Dev-MacOSX-v1.5.7.10/Include/XnLog.h"; sourceTree = "<group>"; };
		6F93BD5C18EB5EF000A043DA /* XnLogTypes.h */ = {isa = PBXFileReference; fileEncoding = 4; lastKnownFileType = sourcecode.c.h; name = XnLogTypes.h; path = "../../../../../kinect/OpenNI-Bin-Dev-MacOSX-v1.5.7.10/Include/XnLogTypes.h"; sourceTree = "<group>"; };
		6F93BD5D18EB5EF000A043DA /* XnLogWriterBase.h */ = {isa = PBXFileReference; fileEncoding = 4; lastKnownFileType = sourcecode.c.h; name = XnLogWriterBase.h; path = "../../../../../kinect/OpenNI-Bin-Dev-MacOSX-v1.5.7.10/Include/XnLogWriterBase.h"; sourceTree = "<group>"; };
		6F93BD5E18EB5EF000A043DA /* XnMacros.h */ = {isa = PBXFileReference; fileEncoding = 4; lastKnownFileType = sourcecode.c.h; name = XnMacros.h; path = "../../../../../kinect/OpenNI-Bin-Dev-MacOSX-v1.5.7.10/Include/XnMacros.h"; sourceTree = "<group>"; };
		6F93BD5F18EB5EF000A043DA /* XnModuleCFunctions.h */ = {isa = PBXFileReference; fileEncoding = 4; lastKnownFileType = sourcecode.c.h; name = XnModuleCFunctions.h; path = "../../../../../kinect/OpenNI-Bin-Dev-MacOSX-v1.5.7.10/Include/XnModuleCFunctions.h"; sourceTree = "<group>"; };
		6F93BD6018EB5EF000A043DA /* XnModuleCppInterface.h */ = {isa = PBXFileReference; fileEncoding = 4; lastKnownFileType = sourcecode.c.h; name = XnModuleCppInterface.h; path = "../../../../../kinect/OpenNI-Bin-Dev-MacOSX-v1.5.7.10/Include/XnModuleCppInterface.h"; sourceTree = "<group>"; };
		6F93BD6118EB5EF000A043DA /* XnModuleCppRegistratration.h */ = {isa = PBXFileReference; fileEncoding = 4; lastKnownFileType = sourcecode.c.h; name = XnModuleCppRegistratration.h; path = "../../../../../kinect/OpenNI-Bin-Dev-MacOSX-v1.5.7.10/Include/XnModuleCppRegistratration.h"; sourceTree = "<group>"; };
		6F93BD6218EB5EF000A043DA /* XnModuleInterface.h */ = {isa = PBXFileReference; fileEncoding = 4; lastKnownFileType = sourcecode.c.h; name = XnModuleInterface.h; path = "../../../../../kinect/OpenNI-Bin-Dev-MacOSX-v1.5.7.10/Include/XnModuleInterface.h"; sourceTree = "<group>"; };
		6F93BD6318EB5EF000A043DA /* XnNode.h */ = {isa = PBXFileReference; fileEncoding = 4; lastKnownFileType = sourcecode.c.h; name = XnNode.h; path = "../../../../../kinect/OpenNI-Bin-Dev-MacOSX-v1.5.7.10/Include/XnNode.h"; sourceTree = "<group>"; };
		6F93BD6418EB5EF000A043DA /* XnNodeAllocator.h */ = {isa = PBXFileReference; fileEncoding = 4; lastKnownFileType = sourcecode.c.h; name = XnNodeAllocator.h; path = "../../../../../kinect/OpenNI-Bin-Dev-MacOSX-v1.5.7.10/Include/XnNodeAllocator.h"; sourceTree = "<group>"; };
		6F93BD6518EB5EF000A043DA /* XnOpenNI.h */ = {isa = PBXFileReference; fileEncoding = 4; lastKnownFileType = sourcecode.c.h; name = XnOpenNI.h; path = "../../../../../kinect/OpenNI-Bin-Dev-MacOSX-v1.5.7.10/Include/XnOpenNI.h"; sourceTree = "<group>"; };
		6F93BD6618EB5EF000A043DA /* XnOS.h */ = {isa = PBXFileReference; fileEncoding = 4; lastKnownFileType = sourcecode.c.h; name = XnOS.h; path = "../../../../../kinect/OpenNI-Bin-Dev-MacOSX-v1.5.7.10/Include/XnOS.h"; sourceTree = "<group>"; };
		6F93BD6718EB5EF000A043DA /* XnOSCpp.h */ = {isa = PBXFileReference; fileEncoding = 4; lastKnownFileType = sourcecode.c.h; name = XnOSCpp.h; path = "../../../../../kinect/OpenNI-Bin-Dev-MacOSX-v1.5.7.10/Include/XnOSCpp.h"; sourceTree = "<group>"; };
		6F93BD6818EB5EF000A043DA /* XnOSMemory.h */ = {isa = PBXFileReference; fileEncoding = 4; lastKnownFileType = sourcecode.c.h; name = XnOSMemory.h; path = "../../../../../kinect/OpenNI-Bin-Dev-MacOSX-v1.5.7.10/Include/XnOSMemory.h"; sourceTree = "<group>"; };
		6F93BD6918EB5EF000A043DA /* XnOSStrings.h */ = {isa = PBXFileReference; fileEncoding = 4; lastKnownFileType = sourcecode.c.h; name = XnOSStrings.h; path = "../../../../../kinect/OpenNI-Bin-Dev-MacOSX-v1.5.7.10/Include/XnOSStrings.h"; sourceTree = "<group>"; };
		6F93BD6A18EB5EF000A043DA /* XnPlatform.h */ = {isa = PBXFileReference; fileEncoding = 4; lastKnownFileType = sourcecode.c.h; name = XnPlatform.h; path = "../../../../../kinect/OpenNI-Bin-Dev-MacOSX-v1.5.7.10/Include/XnPlatform.h"; sourceTree = "<group>"; };
		6F93BD6B18EB5EF000A043DA /* XnPrdNode.h */ = {isa = PBXFileReference; fileEncoding = 4; lastKnownFileType = sourcecode.c.h; name = XnPrdNode.h; path = "../../../../../kinect/OpenNI-Bin-Dev-MacOSX-v1.5.7.10/Include/XnPrdNode.h"; sourceTree = "<group>"; };
		6F93BD6C18EB5EF000A043DA /* XnPrdNodeInfo.h */ = {isa = PBXFileReference; fileEncoding = 4; lastKnownFileType = sourcecode.c.h; name = XnPrdNodeInfo.h; path = "../../../../../kinect/OpenNI-Bin-Dev-MacOSX-v1.5.7.10/Include/XnPrdNodeInfo.h"; sourceTree = "<group>"; };
		6F93BD6D18EB5EF000A043DA /* XnPrdNodeInfoList.h */ = {isa = PBXFileReference; fileEncoding = 4; lastKnownFileType = sourcecode.c.h; name = XnPrdNodeInfoList.h; path = "../../../../../kinect/OpenNI-Bin-Dev-MacOSX-v1.5.7.10/Include/XnPrdNodeInfoList.h"; sourceTree = "<group>"; };
		6F93BD6E18EB5EF000A043DA /* XnProfiling.h */ = {isa = PBXFileReference; fileEncoding = 4; lastKnownFileType = sourcecode.c.h; name = XnProfiling.h; path = "../../../../../kinect/OpenNI-Bin-Dev-MacOSX-v1.5.7.10/Include/XnProfiling.h"; sourceTree = "<group>"; };
		6F93BD6F18EB5EF000A043DA /* XnPropNames.h */ = {isa = PBXFileReference; fileEncoding = 4; lastKnownFileType = sourcecode.c.h; name = XnPropNames.h; path = "../../../../../kinect/OpenNI-Bin-Dev-MacOSX-v1.5.7.10/Include/XnPropNames.h"; sourceTree = "<group>"; };
		6F93BD7018EB5EF000A043DA /* XnQueries.h */ = {isa = PBXFileReference; fileEncoding = 4; lastKnownFileType = sourcecode.c.h; name = XnQueries.h; path = "../../../../../kinect/OpenNI-Bin-Dev-MacOSX-v1.5.7.10/Include/XnQueries.h"; sourceTree = "<group>"; };
		6F93BD7118EB5EF000A043DA /* XnQueue.h */ = {isa = PBXFileReference; fileEncoding = 4; lastKnownFileType = sourcecode.c.h; name = XnQueue.h; path = "../../../../../kinect/OpenNI-Bin-Dev-MacOSX-v1.5.7.10/Include/XnQueue.h"; sourceTree = "<group>"; };
		6F93BD7218EB5EF000A043DA /* XnQueueT.h */ = {isa = PBXFileReference; fileEncoding = 4; lastKnownFileType = sourcecode.c.h; name = XnQueueT.h; path = "../../../../../kinect/OpenNI-Bin-Dev-MacOSX-v1.5.7.10/Include/XnQueueT.h"; sourceTree = "<group>"; };
		6F93BD7318EB5EF000A043DA /* XnScheduler.h */ = {isa = PBXFileReference; fileEncoding = 4; lastKnownFileType = sourcecode.c.h; name = XnScheduler.h; path = "../../../../../kinect/OpenNI-Bin-Dev-MacOSX-v1.5.7.10/Include/XnScheduler.h"; sourceTree = "<group>"; };
		6F93BD7418EB5EF000A043DA /* XnStack.h */ = {isa = PBXFileReference; fileEncoding = 4; lastKnownFileType = sourcecode.c.h; name = XnStack.h; path = "../../../../../kinect/OpenNI-Bin-Dev-MacOSX-v1.5.7.10/Include/XnStack.h"; sourceTree = "<group>"; };
		6F93BD7518EB5EF000A043DA /* XnStackT.h */ = {isa = PBXFileReference; fileEncoding = 4; lastKnownFileType = sourcecode.c.h; name = XnStackT.h; path = "../../../../../kinect/OpenNI-Bin-Dev-MacOSX-v1.5.7.10/Include/XnStackT.h"; sourceTree = "<group>"; };
		6F93BD7618EB5EF000A043DA /* XnStatus.h */ = {isa = PBXFileReference; fileEncoding = 4; lastKnownFileType = sourcecode.c.h; name = XnStatus.h; path = "../../../../../kinect/OpenNI-Bin-Dev-MacOSX-v1.5.7.10/Include/XnStatus.h"; sourceTree = "<group>"; };
		6F93BD7718EB5EF000A043DA /* XnStatusCodes.h */ = {isa = PBXFileReference; fileEncoding = 4; lastKnownFileType = sourcecode.c.h; name = XnStatusCodes.h; path = "../../../../../kinect/OpenNI-Bin-Dev-MacOSX-v1.5.7.10/Include/XnStatusCodes.h"; sourceTree = "<group>"; };
		6F93BD7818EB5EF000A043DA /* XnStatusRegister.h */ = {isa = PBXFileReference; fileEncoding = 4; lastKnownFileType = sourcecode.c.h; name = XnStatusRegister.h; path = "../../../../../kinect/OpenNI-Bin-Dev-MacOSX-v1.5.7.10/Include/XnStatusRegister.h"; sourceTree = "<group>"; };
		6F93BD7918EB5EF000A043DA /* XnStringsHash.h */ = {isa = PBXFileReference; fileEncoding = 4; lastKnownFileType = sourcecode.c.h; name = XnStringsHash.h; path = "../../../../../kinect/OpenNI-Bin-Dev-MacOSX-v1.5.7.10/Include/XnStringsHash.h"; sourceTree = "<group>"; };
		6F93BD7A18EB5EF000A043DA /* XnStringsHashT.h */ = {isa = PBXFileReference; fileEncoding = 4; lastKnownFileType = sourcecode.c.h; name = XnStringsHashT.h; path = "../../../../../kinect/OpenNI-Bin-Dev-MacOSX-v1.5.7.10/Include/XnStringsHashT.h"; sourceTree = "<group>"; };
		6F93BD7B18EB5EF000A043DA /* XnThreadSafeQueue.h */ = {isa = PBXFileReference; fileEncoding = 4; lastKnownFileType = sourcecode.c.h; name = XnThreadSafeQueue.h; path = "../../../../../kinect/OpenNI-Bin-Dev-MacOSX-v1.5.7.10/Include/XnThreadSafeQueue.h"; sourceTree = "<group>"; };
		6F93BD7C18EB5EF000A043DA /* XnTypes.h */ = {isa = PBXFileReference; fileEncoding = 4; lastKnownFileType = sourcecode.c.h; name = XnTypes.h; path = "../../../../../kinect/OpenNI-Bin-Dev-MacOSX-v1.5.7.10/Include/XnTypes.h"; sourceTree = "<group>"; };
		6F93BD7D18EB5EF000A043DA /* XnUSB.h */ = {isa = PBXFileReference; fileEncoding = 4; lastKnownFileType = sourcecode.c.h; name = XnUSB.h; path = "../../../../../kinect/OpenNI-Bin-Dev-MacOSX-v1.5.7.10/Include/XnUSB.h"; sourceTree = "<group>"; };
		6F93BD7E18EB5EF000A043DA /* XnUSBDevice.h */ = {isa = PBXFileReference; fileEncoding = 4; lastKnownFileType = sourcecode.c.h; name = XnUSBDevice.h; path = "../../../../../kinect/OpenNI-Bin-Dev-MacOSX-v1.5.7.10/Include/XnUSBDevice.h"; sourceTree = "<group>"; };
		6F93BD7F18EB5EF000A043DA /* XnUtils.h */ = {isa = PBXFileReference; fileEncoding = 4; lastKnownFileType = sourcecode.c.h; name = XnUtils.h; path = "../../../../../kinect/OpenNI-Bin-Dev-MacOSX-v1.5.7.10/Include/XnUtils.h"; sourceTree = "<group>"; };
		6F93BD8018EB5EF000A043DA /* XnVersion.h */ = {isa = PBXFileReference; fileEncoding = 4; lastKnownFileType = sourcecode.c.h; name = XnVersion.h; path = "../../../../../kinect/OpenNI-Bin-Dev-MacOSX-v1.5.7.10/Include/XnVersion.h"; sourceTree = "<group>"; };
		6F93BDD318F07C0E00A043DA /* main.cpp */ = {isa = PBXFileReference; fileEncoding = 4; lastKnownFileType = sourcecode.cpp.cpp; path = main.cpp; sourceTree = "<group>"; };
		6FF43D1818F73ECD0039A5C5 /* Boid.cpp */ = {isa = PBXFileReference; fileEncoding = 4; lastKnownFileType = sourcecode.cpp.cpp; path = Boid.cpp; sourceTree = "<group>"; };
		6FF43D1918F73ECD0039A5C5 /* Boid.h */ = {isa = PBXFileReference; fileEncoding = 4; lastKnownFileType = sourcecode.c.h; path = Boid.h; sourceTree = "<group>"; };
		6FF43D2518F85DBB0039A5C5 /* BoidMachine.cpp */ = {isa = PBXFileReference; fileEncoding = 4; lastKnownFileType = sourcecode.cpp.cpp; path = BoidMachine.cpp; sourceTree = "<group>"; };
		6FF43D2618F85DBB0039A5C5 /* BoidMachine.h */ = {isa = PBXFileReference; fileEncoding = 4; lastKnownFileType = sourcecode.c.h; path = BoidMachine.h; sourceTree = "<group>"; };
		6FF43D2818F86F9D0039A5C5 /* ForceField.cpp */ = {isa = PBXFileReference; fileEncoding = 4; lastKnownFileType = sourcecode.cpp.cpp; path = ForceField.cpp; sourceTree = "<group>"; };
		6FF43D2918F86F9D0039A5C5 /* ForceField.h */ = {isa = PBXFileReference; fileEncoding = 4; lastKnownFileType = sourcecode.c.h; path = ForceField.h; sourceTree = "<group>"; };
		ACEEE5DC9831FFBD95787112 /* Particle.cpp */ = {isa = PBXFileReference; explicitFileType = sourcecode.cpp.cpp; fileEncoding = 30; name = Particle.cpp; path = src/Particle.cpp; sourceTree = SOURCE_ROOT; };
		BBAB23BE13894E4700AA2426 /* GLUT.framework */ = {isa = PBXFileReference; lastKnownFileType = wrapper.framework; name = GLUT.framework; path = ../../../libs/glut/lib/osx/GLUT.framework; sourceTree = "<group>"; };
		D7B8F35BD0F7FE14E1597FA9 /* Particle.h */ = {isa = PBXFileReference; explicitFileType = sourcecode.c.h; fileEncoding = 30; name = Particle.h; path = src/Particle.h; sourceTree = SOURCE_ROOT; };
		E4328143138ABC890047C5CB /* openFrameworksLib.xcodeproj */ = {isa = PBXFileReference; lastKnownFileType = "wrapper.pb-project"; name = openFrameworksLib.xcodeproj; path = ../../../libs/openFrameworksCompiled/project/osx/openFrameworksLib.xcodeproj; sourceTree = SOURCE_ROOT; };
		E45BE9710E8CC7DD009D7055 /* AGL.framework */ = {isa = PBXFileReference; lastKnownFileType = wrapper.framework; name = AGL.framework; path = /System/Library/Frameworks/AGL.framework; sourceTree = "<absolute>"; };
		E45BE9720E8CC7DD009D7055 /* ApplicationServices.framework */ = {isa = PBXFileReference; lastKnownFileType = wrapper.framework; name = ApplicationServices.framework; path = /System/Library/Frameworks/ApplicationServices.framework; sourceTree = "<absolute>"; };
		E45BE9730E8CC7DD009D7055 /* AudioToolbox.framework */ = {isa = PBXFileReference; lastKnownFileType = wrapper.framework; name = AudioToolbox.framework; path = /System/Library/Frameworks/AudioToolbox.framework; sourceTree = "<absolute>"; };
		E45BE9750E8CC7DD009D7055 /* CoreAudio.framework */ = {isa = PBXFileReference; lastKnownFileType = wrapper.framework; name = CoreAudio.framework; path = /System/Library/Frameworks/CoreAudio.framework; sourceTree = "<absolute>"; };
		E45BE9760E8CC7DD009D7055 /* CoreFoundation.framework */ = {isa = PBXFileReference; lastKnownFileType = wrapper.framework; name = CoreFoundation.framework; path = /System/Library/Frameworks/CoreFoundation.framework; sourceTree = "<absolute>"; };
		E45BE9770E8CC7DD009D7055 /* CoreServices.framework */ = {isa = PBXFileReference; lastKnownFileType = wrapper.framework; name = CoreServices.framework; path = /System/Library/Frameworks/CoreServices.framework; sourceTree = "<absolute>"; };
		E45BE9790E8CC7DD009D7055 /* OpenGL.framework */ = {isa = PBXFileReference; lastKnownFileType = wrapper.framework; name = OpenGL.framework; path = /System/Library/Frameworks/OpenGL.framework; sourceTree = "<absolute>"; };
		E45BE97A0E8CC7DD009D7055 /* QuickTime.framework */ = {isa = PBXFileReference; lastKnownFileType = wrapper.framework; name = QuickTime.framework; path = /System/Library/Frameworks/QuickTime.framework; sourceTree = "<absolute>"; };
		E4B69E1E0A3A1BDC003C02F2 /* ofApp.cpp */ = {isa = PBXFileReference; explicitFileType = sourcecode.cpp.cpp; fileEncoding = 30; name = ofApp.cpp; path = src/ofApp.cpp; sourceTree = SOURCE_ROOT; };
		E4B69E1F0A3A1BDC003C02F2 /* ofApp.h */ = {isa = PBXFileReference; fileEncoding = 30; lastKnownFileType = sourcecode.c.h; name = ofApp.h; path = src/ofApp.h; sourceTree = SOURCE_ROOT; };
		E4B6FCAD0C3E899E008CF71C /* openFrameworks-Info.plist */ = {isa = PBXFileReference; fileEncoding = 30; lastKnownFileType = text.plist.xml; path = "openFrameworks-Info.plist"; sourceTree = "<group>"; };
		E4C2424410CC5A17004149E2 /* AppKit.framework */ = {isa = PBXFileReference; lastKnownFileType = wrapper.framework; name = AppKit.framework; path = /System/Library/Frameworks/AppKit.framework; sourceTree = "<absolute>"; };
		E4C2424510CC5A17004149E2 /* Cocoa.framework */ = {isa = PBXFileReference; lastKnownFileType = wrapper.framework; name = Cocoa.framework; path = /System/Library/Frameworks/Cocoa.framework; sourceTree = "<absolute>"; };
		E4C2424610CC5A17004149E2 /* IOKit.framework */ = {isa = PBXFileReference; lastKnownFileType = wrapper.framework; name = IOKit.framework; path = /System/Library/Frameworks/IOKit.framework; sourceTree = "<absolute>"; };
		E4EB691F138AFCF100A09F29 /* CoreOF.xcconfig */ = {isa = PBXFileReference; fileEncoding = 4; lastKnownFileType = text.xcconfig; name = CoreOF.xcconfig; path = ../../../libs/openFrameworksCompiled/project/osx/CoreOF.xcconfig; sourceTree = SOURCE_ROOT; };
		E4EB6923138AFD0F00A09F29 /* Project.xcconfig */ = {isa = PBXFileReference; fileEncoding = 4; lastKnownFileType = text.xcconfig; path = Project.xcconfig; sourceTree = "<group>"; };
		E7E077E415D3B63C0020DFD4 /* CoreVideo.framework */ = {isa = PBXFileReference; lastKnownFileType = wrapper.framework; name = CoreVideo.framework; path = /System/Library/Frameworks/CoreVideo.framework; sourceTree = "<absolute>"; };
		E7E077E715D3B6510020DFD4 /* QTKit.framework */ = {isa = PBXFileReference; lastKnownFileType = wrapper.framework; name = QTKit.framework; path = /System/Library/Frameworks/QTKit.framework; sourceTree = "<absolute>"; };
		E7F985F515E0DE99003869B5 /* Accelerate.framework */ = {isa = PBXFileReference; lastKnownFileType = wrapper.framework; name = Accelerate.framework; path = /System/Library/Frameworks/Accelerate.framework; sourceTree = "<absolute>"; };
/* End PBXFileReference section */

/* Begin PBXFrameworksBuildPhase section */
		E4B69B590A3A1756003C02F2 /* Frameworks */ = {
			isa = PBXFrameworksBuildPhase;
			buildActionMask = 2147483647;
			files = (
				E7F985F815E0DEA3003869B5 /* Accelerate.framework in Frameworks */,
				E7E077E815D3B6510020DFD4 /* QTKit.framework in Frameworks */,
				E4EB6799138ADC1D00A09F29 /* GLUT.framework in Frameworks */,
				E4328149138ABC9F0047C5CB /* openFrameworksDebug.a in Frameworks */,
				E45BE97B0E8CC7DD009D7055 /* AGL.framework in Frameworks */,
				E45BE97C0E8CC7DD009D7055 /* ApplicationServices.framework in Frameworks */,
				E45BE97D0E8CC7DD009D7055 /* AudioToolbox.framework in Frameworks */,
				E45BE97F0E8CC7DD009D7055 /* CoreAudio.framework in Frameworks */,
				E45BE9800E8CC7DD009D7055 /* CoreFoundation.framework in Frameworks */,
				E45BE9810E8CC7DD009D7055 /* CoreServices.framework in Frameworks */,
				6F12D61018FACF14001E0A0A /* assimp.a in Frameworks */,
				E45BE9830E8CC7DD009D7055 /* OpenGL.framework in Frameworks */,
				6F93BD3218EB5D5000A043DA /* libOpenNI.dylib in Frameworks */,
				E45BE9840E8CC7DD009D7055 /* QuickTime.framework in Frameworks */,
				E4C2424710CC5A17004149E2 /* AppKit.framework in Frameworks */,
				E4C2424810CC5A17004149E2 /* Cocoa.framework in Frameworks */,
				E4C2424910CC5A17004149E2 /* IOKit.framework in Frameworks */,
				E7E077E515D3B63C0020DFD4 /* CoreVideo.framework in Frameworks */,
			);
			runOnlyForDeploymentPostprocessing = 0;
		};
/* End PBXFrameworksBuildPhase section */

/* Begin PBXGroup section */
		6F12D5D918FACF14001E0A0A /* ofxAssimpModelLoader */ = {
			isa = PBXGroup;
			children = (
				6F12D5DA18FACF14001E0A0A /* addon_config.mk */,
				6F12D5DB18FACF14001E0A0A /* libs */,
				6F12D60618FACF14001E0A0A /* src */,
			);
			name = ofxAssimpModelLoader;
			path = ../../../addons/ofxAssimpModelLoader;
			sourceTree = "<group>";
		};
		6F12D5DB18FACF14001E0A0A /* libs */ = {
			isa = PBXGroup;
			children = (
				6F12D5DC18FACF14001E0A0A /* assimp */,
			);
			path = libs;
			sourceTree = "<group>";
		};
		6F12D5DC18FACF14001E0A0A /* assimp */ = {
			isa = PBXGroup;
			children = (
				6F12D5DD18FACF14001E0A0A /* include */,
				6F12D60318FACF14001E0A0A /* lib */,
			);
			path = assimp;
			sourceTree = "<group>";
		};
		6F12D5DD18FACF14001E0A0A /* include */ = {
			isa = PBXGroup;
			children = (
				6F12D5DE18FACF14001E0A0A /* aiAnim.h */,
				6F12D5DF18FACF14001E0A0A /* aiAssert.h */,
				6F12D5E018FACF14001E0A0A /* aiCamera.h */,
				6F12D5E118FACF14001E0A0A /* aiColor4D.h */,
				6F12D5E218FACF14001E0A0A /* aiColor4D.inl */,
				6F12D5E318FACF14001E0A0A /* aiConfig.h */,
				6F12D5E418FACF14001E0A0A /* aiDefines.h */,
				6F12D5E518FACF14001E0A0A /* aiFileIO.h */,
				6F12D5E618FACF14001E0A0A /* aiLight.h */,
				6F12D5E718FACF14001E0A0A /* aiMaterial.h */,
				6F12D5E818FACF14001E0A0A /* aiMaterial.inl */,
				6F12D5E918FACF14001E0A0A /* aiMatrix3x3.h */,
				6F12D5EA18FACF14001E0A0A /* aiMatrix3x3.inl */,
				6F12D5EB18FACF14001E0A0A /* aiMatrix4x4.h */,
				6F12D5EC18FACF14001E0A0A /* aiMatrix4x4.inl */,
				6F12D5ED18FACF14001E0A0A /* aiMesh.h */,
				6F12D5EE18FACF14001E0A0A /* aiPostProcess.h */,
				6F12D5EF18FACF14001E0A0A /* aiQuaternion.h */,
				6F12D5F018FACF14001E0A0A /* aiScene.h */,
				6F12D5F118FACF14001E0A0A /* aiTexture.h */,
				6F12D5F218FACF14001E0A0A /* aiTypes.h */,
				6F12D5F318FACF14001E0A0A /* aiVector2D.h */,
				6F12D5F418FACF14001E0A0A /* aiVector3D.h */,
				6F12D5F518FACF14001E0A0A /* aiVector3D.inl */,
				6F12D5F618FACF14001E0A0A /* aiVersion.h */,
				6F12D5F718FACF14001E0A0A /* assimp.h */,
				6F12D5F818FACF14001E0A0A /* assimp.hpp */,
				6F12D5F918FACF14001E0A0A /* Compiler */,
				6F12D5FC18FACF14001E0A0A /* DefaultLogger.h */,
				6F12D5FD18FACF14001E0A0A /* IOStream.h */,
				6F12D5FE18FACF14001E0A0A /* IOSystem.h */,
				6F12D5FF18FACF14001E0A0A /* Logger.h */,
				6F12D60018FACF14001E0A0A /* LogStream.h */,
				6F12D60118FACF14001E0A0A /* NullLogger.h */,
				6F12D60218FACF14001E0A0A /* ProgressHandler.h */,
			);
			path = include;
			sourceTree = "<group>";
		};
		6F12D5F918FACF14001E0A0A /* Compiler */ = {
			isa = PBXGroup;
			children = (
				6F12D5FA18FACF14001E0A0A /* poppack1.h */,
				6F12D5FB18FACF14001E0A0A /* pushpack1.h */,
			);
			path = Compiler;
			sourceTree = "<group>";
		};
		6F12D60318FACF14001E0A0A /* lib */ = {
			isa = PBXGroup;
			children = (
				6F12D60418FACF14001E0A0A /* osx */,
			);
			path = lib;
			sourceTree = "<group>";
		};
		6F12D60418FACF14001E0A0A /* osx */ = {
			isa = PBXGroup;
			children = (
				6F12D60518FACF14001E0A0A /* assimp.a */,
			);
			path = osx;
			sourceTree = "<group>";
		};
		6F12D60618FACF14001E0A0A /* src */ = {
			isa = PBXGroup;
			children = (
				6F12D60718FACF14001E0A0A /* ofxAssimpAnimation.cpp */,
				6F12D60818FACF14001E0A0A /* ofxAssimpAnimation.h */,
				6F12D60918FACF14001E0A0A /* ofxAssimpMeshHelper.cpp */,
				6F12D60A18FACF14001E0A0A /* ofxAssimpMeshHelper.h */,
				6F12D60B18FACF14001E0A0A /* ofxAssimpModelLoader.cpp */,
				6F12D60C18FACF14001E0A0A /* ofxAssimpModelLoader.h */,
				6F12D60D18FACF14001E0A0A /* ofxAssimpTexture.cpp */,
				6F12D60E18FACF14001E0A0A /* ofxAssimpTexture.h */,
				6F12D60F18FACF14001E0A0A /* ofxAssimpUtils.h */,
			);
			path = src;
			sourceTree = "<group>";
		};
		6F93BD2918EB5BE800A043DA /* Includes */ = {
			isa = PBXGroup;
			children = (
				6F12D5D918FACF14001E0A0A /* ofxAssimpModelLoader */,
				6F93BD3D18EB5ED900A043DA /* OpenNI */,
			);
			name = Includes;
			sourceTree = "<group>";
		};
		6F93BD3D18EB5ED900A043DA /* OpenNI */ = {
			isa = PBXGroup;
			children = (
				6F93BD3E18EB5EF000A043DA /* IXnNodeAllocator.h */,
				6F93BD3F18EB5EF000A043DA /* Linux-Arm */,
				6F93BD4018EB5EF000A043DA /* Linux-x86 */,
				6F93BD4118EB5EF000A043DA /* MacOSX */,
				6F93BD4218EB5EF000A043DA /* XnAlgorithms.h */,
				6F93BD4318EB5EF000A043DA /* XnArray.h */,
				6F93BD4418EB5EF000A043DA /* XnBaseNode.h */,
				6F93BD4518EB5EF000A043DA /* XnBitSet.h */,
				6F93BD4618EB5EF000A043DA /* XnCallback.h */,
				6F93BD4718EB5EF000A043DA /* XnCodecIDs.h */,
				6F93BD4818EB5EF000A043DA /* XnContext.h */,
				6F93BD4918EB5EF000A043DA /* XnCppWrapper.h */,
				6F93BD4A18EB5EF000A043DA /* XnCyclicQueueT.h */,
				6F93BD4B18EB5EF000A043DA /* XnCyclicStackT.h */,
				6F93BD4C18EB5EF000A043DA /* XnDataTypes.h */,
				6F93BD4D18EB5EF000A043DA /* XnDerivedCast.h */,
				6F93BD4E18EB5EF000A043DA /* XnDump.h */,
				6F93BD4F18EB5EF000A043DA /* XnDumpWriters.h */,
				6F93BD5018EB5EF000A043DA /* XnEnumerationErrors.h */,
				6F93BD5118EB5EF000A043DA /* XnEvent.h */,
				6F93BD5218EB5EF000A043DA /* XnEventT.h */,
				6F93BD5318EB5EF000A043DA /* XnFPSCalculator.h */,
				6F93BD5418EB5EF000A043DA /* XnGeneralBuffer.h */,
				6F93BD5518EB5EF000A043DA /* XnHash.h */,
				6F93BD5618EB5EF000A043DA /* XnHashT.h */,
				6F93BD5718EB5EF000A043DA /* XnInternalDefs.h */,
				6F93BD5818EB5EF000A043DA /* XnLicensing.h */,
				6F93BD5918EB5EF000A043DA /* XnList.h */,
				6F93BD5A18EB5EF000A043DA /* XnListT.h */,
				6F93BD5B18EB5EF000A043DA /* XnLog.h */,
				6F93BD5C18EB5EF000A043DA /* XnLogTypes.h */,
				6F93BD5D18EB5EF000A043DA /* XnLogWriterBase.h */,
				6F93BD5E18EB5EF000A043DA /* XnMacros.h */,
				6F93BD5F18EB5EF000A043DA /* XnModuleCFunctions.h */,
				6F93BD6018EB5EF000A043DA /* XnModuleCppInterface.h */,
				6F93BD6118EB5EF000A043DA /* XnModuleCppRegistratration.h */,
				6F93BD6218EB5EF000A043DA /* XnModuleInterface.h */,
				6F93BD6318EB5EF000A043DA /* XnNode.h */,
				6F93BD6418EB5EF000A043DA /* XnNodeAllocator.h */,
				6F93BD6518EB5EF000A043DA /* XnOpenNI.h */,
				6F93BD6618EB5EF000A043DA /* XnOS.h */,
				6F93BD6718EB5EF000A043DA /* XnOSCpp.h */,
				6F93BD6818EB5EF000A043DA /* XnOSMemory.h */,
				6F93BD6918EB5EF000A043DA /* XnOSStrings.h */,
				6F93BD6A18EB5EF000A043DA /* XnPlatform.h */,
				6F93BD6B18EB5EF000A043DA /* XnPrdNode.h */,
				6F93BD6C18EB5EF000A043DA /* XnPrdNodeInfo.h */,
				6F93BD6D18EB5EF000A043DA /* XnPrdNodeInfoList.h */,
				6F93BD6E18EB5EF000A043DA /* XnProfiling.h */,
				6F93BD6F18EB5EF000A043DA /* XnPropNames.h */,
				6F93BD7018EB5EF000A043DA /* XnQueries.h */,
				6F93BD7118EB5EF000A043DA /* XnQueue.h */,
				6F93BD7218EB5EF000A043DA /* XnQueueT.h */,
				6F93BD7318EB5EF000A043DA /* XnScheduler.h */,
				6F93BD7418EB5EF000A043DA /* XnStack.h */,
				6F93BD7518EB5EF000A043DA /* XnStackT.h */,
				6F93BD7618EB5EF000A043DA /* XnStatus.h */,
				6F93BD7718EB5EF000A043DA /* XnStatusCodes.h */,
				6F93BD7818EB5EF000A043DA /* XnStatusRegister.h */,
				6F93BD7918EB5EF000A043DA /* XnStringsHash.h */,
				6F93BD7A18EB5EF000A043DA /* XnStringsHashT.h */,
				6F93BD7B18EB5EF000A043DA /* XnThreadSafeQueue.h */,
				6F93BD7C18EB5EF000A043DA /* XnTypes.h */,
				6F93BD7D18EB5EF000A043DA /* XnUSB.h */,
				6F93BD7E18EB5EF000A043DA /* XnUSBDevice.h */,
				6F93BD7F18EB5EF000A043DA /* XnUtils.h */,
				6F93BD8018EB5EF000A043DA /* XnVersion.h */,
			);
			name = OpenNI;
			sourceTree = "<group>";
		};
		BB4B014C10F69532006C3DED /* addons */ = {
			isa = PBXGroup;
			children = (
			);
			name = addons;
			sourceTree = "<group>";
		};
		BBAB23C913894ECA00AA2426 /* system frameworks */ = {
			isa = PBXGroup;
			children = (
				E7F985F515E0DE99003869B5 /* Accelerate.framework */,
				E4C2424410CC5A17004149E2 /* AppKit.framework */,
				E4C2424510CC5A17004149E2 /* Cocoa.framework */,
				E4C2424610CC5A17004149E2 /* IOKit.framework */,
				E45BE9710E8CC7DD009D7055 /* AGL.framework */,
				E45BE9720E8CC7DD009D7055 /* ApplicationServices.framework */,
				E45BE9730E8CC7DD009D7055 /* AudioToolbox.framework */,
				E45BE9750E8CC7DD009D7055 /* CoreAudio.framework */,
				E45BE9760E8CC7DD009D7055 /* CoreFoundation.framework */,
				E45BE9770E8CC7DD009D7055 /* CoreServices.framework */,
				E45BE9790E8CC7DD009D7055 /* OpenGL.framework */,
				E45BE97A0E8CC7DD009D7055 /* QuickTime.framework */,
				E7E077E415D3B63C0020DFD4 /* CoreVideo.framework */,
				E7E077E715D3B6510020DFD4 /* QTKit.framework */,
			);
			name = "system frameworks";
			sourceTree = "<group>";
		};
		BBAB23CA13894EDB00AA2426 /* 3rd party frameworks */ = {
			isa = PBXGroup;
			children = (
				BBAB23BE13894E4700AA2426 /* GLUT.framework */,
			);
			name = "3rd party frameworks";
			sourceTree = "<group>";
		};
		E4328144138ABC890047C5CB /* Products */ = {
			isa = PBXGroup;
			children = (
				E4328148138ABC890047C5CB /* openFrameworksDebug.a */,
			);
			name = Products;
			sourceTree = "<group>";
		};
		E45BE5980E8CC70C009D7055 /* frameworks */ = {
			isa = PBXGroup;
			children = (
				6F93BD3418EB5D7000A043DA /* org.openni.jar */,
				6F93BD2A18EB5D5000A043DA /* libnimCodecs.dylib */,
				6F93BD2B18EB5D5000A043DA /* libnimMockNodes.dylib */,
				6F93BD2C18EB5D5000A043DA /* libnimRecorder.dylib */,
				6F93BD2D18EB5D5000A043DA /* libOpenNI.dylib */,
				6F93BD2E18EB5D5000A043DA /* libOpenNI.jni.dylib */,
				BBAB23CA13894EDB00AA2426 /* 3rd party frameworks */,
				BBAB23C913894ECA00AA2426 /* system frameworks */,
			);
			name = frameworks;
			sourceTree = "<group>";
		};
		E4B69B4A0A3A1720003C02F2 = {
			isa = PBXGroup;
			children = (
				6F93BD2918EB5BE800A043DA /* Includes */,
				E4B6FCAD0C3E899E008CF71C /* openFrameworks-Info.plist */,
				E4EB6923138AFD0F00A09F29 /* Project.xcconfig */,
				E4B69E1C0A3A1BDC003C02F2 /* src */,
				E4EEC9E9138DF44700A80321 /* openFrameworks */,
				BB4B014C10F69532006C3DED /* addons */,
				E45BE5980E8CC70C009D7055 /* frameworks */,
				6F3EB80E19198DF800C6A0AD /* introspection-illusionDebug.app */,
			);
			sourceTree = "<group>";
		};
		E4B69E1C0A3A1BDC003C02F2 /* src */ = {
			isa = PBXGroup;
			children = (
				6F93BDD318F07C0E00A043DA /* main.cpp */,
				E4B69E1E0A3A1BDC003C02F2 /* ofApp.cpp */,
				E4B69E1F0A3A1BDC003C02F2 /* ofApp.h */,
				D7B8F35BD0F7FE14E1597FA9 /* Particle.h */,
				ACEEE5DC9831FFBD95787112 /* Particle.cpp */,
				6FF43D1818F73ECD0039A5C5 /* Boid.cpp */,
				6FF43D1918F73ECD0039A5C5 /* Boid.h */,
				6FF43D2518F85DBB0039A5C5 /* BoidMachine.cpp */,
				6FF43D2618F85DBB0039A5C5 /* BoidMachine.h */,
				6FF43D2818F86F9D0039A5C5 /* ForceField.cpp */,
				6FF43D2918F86F9D0039A5C5 /* ForceField.h */,
			);
			path = src;
			sourceTree = SOURCE_ROOT;
		};
		E4EEC9E9138DF44700A80321 /* openFrameworks */ = {
			isa = PBXGroup;
			children = (
				E4EB691F138AFCF100A09F29 /* CoreOF.xcconfig */,
				E4328143138ABC890047C5CB /* openFrameworksLib.xcodeproj */,
			);
			name = openFrameworks;
			sourceTree = "<group>";
		};
/* End PBXGroup section */

/* Begin PBXNativeTarget section */
		E4B69B5A0A3A1756003C02F2 /* introspection-illusion */ = {
			isa = PBXNativeTarget;
			buildConfigurationList = E4B69B5F0A3A1757003C02F2 /* Build configuration list for PBXNativeTarget "introspection-illusion" */;
			buildPhases = (
				E4B69B580A3A1756003C02F2 /* Sources */,
				E4B69B590A3A1756003C02F2 /* Frameworks */,
				E4B6FFFD0C3F9AB9008CF71C /* ShellScript */,
				E4C2427710CC5ABF004149E2 /* CopyFiles */,
				6F93BD3618EB5E8C00A043DA /* CopyFiles */,
			);
			buildRules = (
			);
			dependencies = (
				E4EEB9AC138B136A00A80321 /* PBXTargetDependency */,
			);
			name = "introspection-illusion";
			productName = myOFApp;
			productReference = 6F3EB80E19198DF800C6A0AD /* introspection-illusionDebug.app */;
			productType = "com.apple.product-type.application";
		};
/* End PBXNativeTarget section */

/* Begin PBXProject section */
		E4B69B4C0A3A1720003C02F2 /* Project object */ = {
			isa = PBXProject;
			attributes = {
				LastUpgradeCheck = 0460;
			};
			buildConfigurationList = E4B69B4D0A3A1720003C02F2 /* Build configuration list for PBXProject "introspection-illusion" */;
			compatibilityVersion = "Xcode 3.2";
			developmentRegion = English;
			hasScannedForEncodings = 0;
			knownRegions = (
				English,
				Japanese,
				French,
				German,
			);
			mainGroup = E4B69B4A0A3A1720003C02F2;
			productRefGroup = E4B69B4A0A3A1720003C02F2;
			projectDirPath = "";
			projectReferences = (
				{
					ProductGroup = E4328144138ABC890047C5CB /* Products */;
					ProjectRef = E4328143138ABC890047C5CB /* openFrameworksLib.xcodeproj */;
				},
			);
			projectRoot = "";
			targets = (
				E4B69B5A0A3A1756003C02F2 /* introspection-illusion */,
			);
		};
/* End PBXProject section */

/* Begin PBXReferenceProxy section */
		E4328148138ABC890047C5CB /* openFrameworksDebug.a */ = {
			isa = PBXReferenceProxy;
			fileType = archive.ar;
			path = openFrameworksDebug.a;
			remoteRef = E4328147138ABC890047C5CB /* PBXContainerItemProxy */;
			sourceTree = BUILT_PRODUCTS_DIR;
		};
/* End PBXReferenceProxy section */

/* Begin PBXShellScriptBuildPhase section */
		E4B6FFFD0C3F9AB9008CF71C /* ShellScript */ = {
			isa = PBXShellScriptBuildPhase;
			buildActionMask = 2147483647;
			files = (
			);
			inputPaths = (
			);
			outputPaths = (
			);
			runOnlyForDeploymentPostprocessing = 0;
			shellPath = /bin/sh;
			shellScript = "cp -f ../../../libs/fmodex/lib/osx/libfmodex.dylib \"$TARGET_BUILD_DIR/$PRODUCT_NAME.app/Contents/MacOS/libfmodex.dylib\"; install_name_tool -change ./libfmodex.dylib @executable_path/libfmodex.dylib \"$TARGET_BUILD_DIR/$PRODUCT_NAME.app/Contents/MacOS/$PRODUCT_NAME\";\nmkdir -p \"$TARGET_BUILD_DIR/$PRODUCT_NAME.app/Contents/Resources/\"\ncp -f \"$ICON_FILE\" \"$TARGET_BUILD_DIR/$PRODUCT_NAME.app/Contents/Resources/\"\n";
		};
/* End PBXShellScriptBuildPhase section */

/* Begin PBXSourcesBuildPhase section */
		E4B69B580A3A1756003C02F2 /* Sources */ = {
			isa = PBXSourcesBuildPhase;
			buildActionMask = 2147483647;
			files = (
				E4B69E210A3A1BDC003C02F2 /* ofApp.cpp in Sources */,
				6F12D61318FACF14001E0A0A /* ofxAssimpModelLoader.cpp in Sources */,
				6F93BDD418F07C0E00A043DA /* main.cpp in Sources */,
				6FF43D2A18F86F9D0039A5C5 /* ForceField.cpp in Sources */,
				6F12D61418FACF14001E0A0A /* ofxAssimpTexture.cpp in Sources */,
				6FF43D2718F85DBB0039A5C5 /* BoidMachine.cpp in Sources */,
				29E44B66ACF1D336223C6D5F /* Particle.cpp in Sources */,
				6F12D61118FACF14001E0A0A /* ofxAssimpAnimation.cpp in Sources */,
				6FF43D1A18F73ECD0039A5C5 /* Boid.cpp in Sources */,
				6F12D61218FACF14001E0A0A /* ofxAssimpMeshHelper.cpp in Sources */,
			);
			runOnlyForDeploymentPostprocessing = 0;
		};
/* End PBXSourcesBuildPhase section */

/* Begin PBXTargetDependency section */
		E4EEB9AC138B136A00A80321 /* PBXTargetDependency */ = {
			isa = PBXTargetDependency;
			name = openFrameworks;
			targetProxy = E4EEB9AB138B136A00A80321 /* PBXContainerItemProxy */;
		};
/* End PBXTargetDependency section */

/* Begin XCBuildConfiguration section */
		E4B69B4E0A3A1720003C02F2 /* Debug */ = {
			isa = XCBuildConfiguration;
			baseConfigurationReference = E4EB6923138AFD0F00A09F29 /* Project.xcconfig */;
			buildSettings = {
				ARCHS = "$(ARCHS_STANDARD_32_BIT)";
				CONFIGURATION_BUILD_DIR = "$(SRCROOT)/bin/";
				COPY_PHASE_STRIP = NO;
				DEAD_CODE_STRIPPING = YES;
				GCC_AUTO_VECTORIZATION = YES;
				GCC_ENABLE_SSE3_EXTENSIONS = YES;
				GCC_ENABLE_SUPPLEMENTAL_SSE3_INSTRUCTIONS = YES;
				GCC_INLINES_ARE_PRIVATE_EXTERN = NO;
				GCC_OPTIMIZATION_LEVEL = 0;
				GCC_SYMBOLS_PRIVATE_EXTERN = NO;
				GCC_WARN_ABOUT_DEPRECATED_FUNCTIONS = YES;
				GCC_WARN_ABOUT_INVALID_OFFSETOF_MACRO = NO;
				GCC_WARN_ALLOW_INCOMPLETE_PROTOCOL = NO;
				GCC_WARN_UNINITIALIZED_AUTOS = NO;
				GCC_WARN_UNUSED_VALUE = NO;
				GCC_WARN_UNUSED_VARIABLE = NO;
				HEADER_SEARCH_PATHS = (
					"$(OF_CORE_HEADERS)",
					src,
				);
				MACOSX_DEPLOYMENT_TARGET = 10.8;
				OTHER_CPLUSPLUSFLAGS = (
					"-D__MACOSX_CORE__",
					"-lpthread",
					"-mtune=native",
				);
				SDKROOT = macosx10.8;
			};
			name = Debug;
		};
		E4B69B4F0A3A1720003C02F2 /* Release */ = {
			isa = XCBuildConfiguration;
			baseConfigurationReference = E4EB6923138AFD0F00A09F29 /* Project.xcconfig */;
			buildSettings = {
				ARCHS = "$(ARCHS_STANDARD_32_BIT)";
				CONFIGURATION_BUILD_DIR = "$(SRCROOT)/bin/";
				COPY_PHASE_STRIP = YES;
				DEAD_CODE_STRIPPING = YES;
				GCC_AUTO_VECTORIZATION = YES;
				GCC_ENABLE_SSE3_EXTENSIONS = YES;
				GCC_ENABLE_SUPPLEMENTAL_SSE3_INSTRUCTIONS = YES;
				GCC_INLINES_ARE_PRIVATE_EXTERN = NO;
				GCC_OPTIMIZATION_LEVEL = 3;
				GCC_SYMBOLS_PRIVATE_EXTERN = NO;
				GCC_UNROLL_LOOPS = YES;
				GCC_WARN_ABOUT_DEPRECATED_FUNCTIONS = YES;
				GCC_WARN_ABOUT_INVALID_OFFSETOF_MACRO = NO;
				GCC_WARN_ALLOW_INCOMPLETE_PROTOCOL = NO;
				GCC_WARN_UNINITIALIZED_AUTOS = NO;
				GCC_WARN_UNUSED_VALUE = NO;
				GCC_WARN_UNUSED_VARIABLE = NO;
				HEADER_SEARCH_PATHS = (
					"$(OF_CORE_HEADERS)",
					src,
				);
				MACOSX_DEPLOYMENT_TARGET = 10.8;
				OTHER_CPLUSPLUSFLAGS = (
					"-D__MACOSX_CORE__",
					"-lpthread",
					"-mtune=native",
				);
				SDKROOT = macosx10.8;
			};
			name = Release;
		};
		E4B69B600A3A1757003C02F2 /* Debug */ = {
			isa = XCBuildConfiguration;
			buildSettings = {
				ARCHS = "$(ARCHS_STANDARD_32_BIT)";
				COMBINE_HIDPI_IMAGES = YES;
				COPY_PHASE_STRIP = NO;
				FRAMEWORK_SEARCH_PATHS = (
					"$(inherited)",
					"$(FRAMEWORK_SEARCH_PATHS_QUOTED_FOR_TARGET_1)",
				);
				FRAMEWORK_SEARCH_PATHS_QUOTED_FOR_TARGET_1 = "\"$(SRCROOT)/../../../libs/glut/lib/osx\"";
				GCC_DYNAMIC_NO_PIC = NO;
				GCC_GENERATE_DEBUGGING_SYMBOLS = YES;
				GCC_MODEL_TUNING = NONE;
				ICON = "$(ICON_NAME_DEBUG)";
				ICON_FILE = "$(ICON_FILE_PATH)$(ICON)";
				INFOPLIST_FILE = "openFrameworks-Info.plist";
				INSTALL_PATH = "$(HOME)/Applications";
				LIBRARY_SEARCH_PATHS = (
					"$(inherited)",
					"$(LIBRARY_SEARCH_PATHS_QUOTED_FOR_TARGET_1)",
					"$(LIBRARY_SEARCH_PATHS_QUOTED_FOR_TARGET_2)",
					"$(LIBRARY_SEARCH_PATHS_QUOTED_FOR_TARGET_3)",
					"$(LIBRARY_SEARCH_PATHS_QUOTED_FOR_TARGET_4)",
					"$(LIBRARY_SEARCH_PATHS_QUOTED_FOR_TARGET_5)",
					"$(LIBRARY_SEARCH_PATHS_QUOTED_FOR_TARGET_6)",
					"$(LIBRARY_SEARCH_PATHS_QUOTED_FOR_TARGET_7)",
					"$(LIBRARY_SEARCH_PATHS_QUOTED_FOR_TARGET_8)",
					"$(LIBRARY_SEARCH_PATHS_QUOTED_FOR_TARGET_9)",
					"$(LIBRARY_SEARCH_PATHS_QUOTED_FOR_TARGET_10)",
					"$(LIBRARY_SEARCH_PATHS_QUOTED_FOR_TARGET_11)",
					"$(LIBRARY_SEARCH_PATHS_QUOTED_FOR_TARGET_12)",
					"$(LIBRARY_SEARCH_PATHS_QUOTED_FOR_TARGET_13)",
					"$(LIBRARY_SEARCH_PATHS_QUOTED_FOR_TARGET_14)",
					"$(LIBRARY_SEARCH_PATHS_QUOTED_FOR_TARGET_15)",
					"$(LIBRARY_SEARCH_PATHS_QUOTED_FOR_TARGET_2)",
					"$(LIBRARY_SEARCH_PATHS_QUOTED_FOR_TARGET_3)",
					"$(LIBRARY_SEARCH_PATHS_QUOTED_FOR_TARGET_7)",
					"$(LIBRARY_SEARCH_PATHS_QUOTED_FOR_TARGET_8)",
					"$(LIBRARY_SEARCH_PATHS_QUOTED_FOR_TARGET_9)",
					"$(LIBRARY_SEARCH_PATHS_QUOTED_FOR_TARGET_10)",
					"$(LIBRARY_SEARCH_PATHS_QUOTED_FOR_TARGET_11)",
					"$(LIBRARY_SEARCH_PATHS_QUOTED_FOR_TARGET_12)",
					"$(LIBRARY_SEARCH_PATHS_QUOTED_FOR_TARGET_13)",
					"$(LIBRARY_SEARCH_PATHS_QUOTED_FOR_TARGET_16)",
					"$(LIBRARY_SEARCH_PATHS_QUOTED_FOR_TARGET_17)",
					"$(LIBRARY_SEARCH_PATHS_QUOTED_FOR_TARGET_18)",
					"$(LIBRARY_SEARCH_PATHS_QUOTED_FOR_TARGET_19)",
					"$(LIBRARY_SEARCH_PATHS_QUOTED_FOR_TARGET_20)",
					"$(LIBRARY_SEARCH_PATHS_QUOTED_FOR_TARGET_21)",
					"$(LIBRARY_SEARCH_PATHS_QUOTED_FOR_TARGET_22)",
					"$(LIBRARY_SEARCH_PATHS_QUOTED_FOR_TARGET_23)",
					"$(LIBRARY_SEARCH_PATHS_QUOTED_FOR_TARGET_24)",
					"$(LIBRARY_SEARCH_PATHS_QUOTED_FOR_TARGET_25)",
					"$(LIBRARY_SEARCH_PATHS_QUOTED_FOR_TARGET_26)",
					"$(LIBRARY_SEARCH_PATHS_QUOTED_FOR_TARGET_27)",
					"$(LIBRARY_SEARCH_PATHS_QUOTED_FOR_TARGET_28)",
					"$(LIBRARY_SEARCH_PATHS_QUOTED_FOR_TARGET_29)",
					"$(LIBRARY_SEARCH_PATHS_QUOTED_FOR_TARGET_30)",
					"$(LIBRARY_SEARCH_PATHS_QUOTED_FOR_TARGET_31)",
					"$(LIBRARY_SEARCH_PATHS_QUOTED_FOR_TARGET_32)",
					"$(LIBRARY_SEARCH_PATHS_QUOTED_FOR_TARGET_33)",
					"$(LIBRARY_SEARCH_PATHS_QUOTED_FOR_TARGET_34)",
					"$(LIBRARY_SEARCH_PATHS_QUOTED_FOR_TARGET_35)",
					"$(LIBRARY_SEARCH_PATHS_QUOTED_FOR_TARGET_36)",
					"$(LIBRARY_SEARCH_PATHS_QUOTED_FOR_TARGET_37)",
					"$(LIBRARY_SEARCH_PATHS_QUOTED_FOR_TARGET_38)",
					"$(LIBRARY_SEARCH_PATHS_QUOTED_FOR_TARGET_39)",
					"$(LIBRARY_SEARCH_PATHS_QUOTED_FOR_TARGET_40)",
					"$(LIBRARY_SEARCH_PATHS_QUOTED_FOR_TARGET_41)",
					"$(LIBRARY_SEARCH_PATHS_QUOTED_FOR_TARGET_42)",
					"$(LIBRARY_SEARCH_PATHS_QUOTED_FOR_TARGET_43)",
					"$(LIBRARY_SEARCH_PATHS_QUOTED_FOR_TARGET_44)",
					"$(LIBRARY_SEARCH_PATHS_QUOTED_FOR_TARGET_45)",
					"$(LIBRARY_SEARCH_PATHS_QUOTED_FOR_TARGET_46)",
					"$(LIBRARY_SEARCH_PATHS_QUOTED_FOR_TARGET_47)",
					"$(LIBRARY_SEARCH_PATHS_QUOTED_FOR_TARGET_48)",
					"$(LIBRARY_SEARCH_PATHS_QUOTED_FOR_TARGET_49)",
					"$(LIBRARY_SEARCH_PATHS_QUOTED_FOR_TARGET_50)",
					"$(LIBRARY_SEARCH_PATHS_QUOTED_FOR_TARGET_51)",
					"$(LIBRARY_SEARCH_PATHS_QUOTED_FOR_TARGET_52)",
					"/Users/Bernhard/kinect/OpenNI-Bin-Dev-MacOSX-v1.5.7.10/Lib",
					/Users/Bernhard/git/of_v0.8.1_osx_release/addons/ofxAssimpModelLoader/libs/assimp/lib/osx,
				);
				PRODUCT_NAME = "introspection-illusionDebug";
				SDKROOT = macosx10.8;
				WRAPPER_EXTENSION = app;
			};
			name = Debug;
		};
		E4B69B610A3A1757003C02F2 /* Release */ = {
			isa = XCBuildConfiguration;
			buildSettings = {
				ARCHS = "$(ARCHS_STANDARD_32_BIT)";
				COMBINE_HIDPI_IMAGES = YES;
				COPY_PHASE_STRIP = YES;
				FRAMEWORK_SEARCH_PATHS = (
					"$(inherited)",
					"$(FRAMEWORK_SEARCH_PATHS_QUOTED_FOR_TARGET_1)",
				);
				FRAMEWORK_SEARCH_PATHS_QUOTED_FOR_TARGET_1 = "\"$(SRCROOT)/../../../libs/glut/lib/osx\"";
				GCC_GENERATE_DEBUGGING_SYMBOLS = YES;
				GCC_MODEL_TUNING = NONE;
				ICON = "$(ICON_NAME_RELEASE)";
				ICON_FILE = "$(ICON_FILE_PATH)$(ICON)";
				INFOPLIST_FILE = "openFrameworks-Info.plist";
				INSTALL_PATH = "$(HOME)/Applications";
				LIBRARY_SEARCH_PATHS = (
					"$(inherited)",
					"$(LIBRARY_SEARCH_PATHS_QUOTED_FOR_TARGET_1)",
					"$(LIBRARY_SEARCH_PATHS_QUOTED_FOR_TARGET_2)",
					"$(LIBRARY_SEARCH_PATHS_QUOTED_FOR_TARGET_3)",
					"$(LIBRARY_SEARCH_PATHS_QUOTED_FOR_TARGET_4)",
					"$(LIBRARY_SEARCH_PATHS_QUOTED_FOR_TARGET_5)",
					"$(LIBRARY_SEARCH_PATHS_QUOTED_FOR_TARGET_6)",
					"$(LIBRARY_SEARCH_PATHS_QUOTED_FOR_TARGET_7)",
					"$(LIBRARY_SEARCH_PATHS_QUOTED_FOR_TARGET_8)",
					"$(LIBRARY_SEARCH_PATHS_QUOTED_FOR_TARGET_9)",
					"$(LIBRARY_SEARCH_PATHS_QUOTED_FOR_TARGET_10)",
					"$(LIBRARY_SEARCH_PATHS_QUOTED_FOR_TARGET_11)",
					"$(LIBRARY_SEARCH_PATHS_QUOTED_FOR_TARGET_12)",
					"$(LIBRARY_SEARCH_PATHS_QUOTED_FOR_TARGET_13)",
					"$(LIBRARY_SEARCH_PATHS_QUOTED_FOR_TARGET_14)",
					"$(LIBRARY_SEARCH_PATHS_QUOTED_FOR_TARGET_15)",
					"$(LIBRARY_SEARCH_PATHS_QUOTED_FOR_TARGET_2)",
					"$(LIBRARY_SEARCH_PATHS_QUOTED_1)",
					"$(LIBRARY_SEARCH_PATHS_QUOTED_FOR_TARGET_3)",
					"$(LIBRARY_SEARCH_PATHS_QUOTED_FOR_TARGET_7)",
					"$(LIBRARY_SEARCH_PATHS_QUOTED_FOR_TARGET_8)",
					"$(LIBRARY_SEARCH_PATHS_QUOTED_FOR_TARGET_9)",
					"$(LIBRARY_SEARCH_PATHS_QUOTED_FOR_TARGET_10)",
					"$(LIBRARY_SEARCH_PATHS_QUOTED_FOR_TARGET_11)",
					"$(LIBRARY_SEARCH_PATHS_QUOTED_FOR_TARGET_12)",
					"$(LIBRARY_SEARCH_PATHS_QUOTED_FOR_TARGET_13)",
					"$(LIBRARY_SEARCH_PATHS_QUOTED_FOR_TARGET_16)",
					"$(LIBRARY_SEARCH_PATHS_QUOTED_FOR_TARGET_17)",
					"$(LIBRARY_SEARCH_PATHS_QUOTED_FOR_TARGET_18)",
					"$(LIBRARY_SEARCH_PATHS_QUOTED_FOR_TARGET_19)",
					"$(LIBRARY_SEARCH_PATHS_QUOTED_FOR_TARGET_20)",
					"$(LIBRARY_SEARCH_PATHS_QUOTED_FOR_TARGET_21)",
					"$(LIBRARY_SEARCH_PATHS_QUOTED_FOR_TARGET_22)",
					"$(LIBRARY_SEARCH_PATHS_QUOTED_FOR_TARGET_23)",
					"$(LIBRARY_SEARCH_PATHS_QUOTED_FOR_TARGET_24)",
					"$(LIBRARY_SEARCH_PATHS_QUOTED_FOR_TARGET_25)",
					"$(LIBRARY_SEARCH_PATHS_QUOTED_FOR_TARGET_26)",
					"$(LIBRARY_SEARCH_PATHS_QUOTED_FOR_TARGET_27)",
					"$(LIBRARY_SEARCH_PATHS_QUOTED_FOR_TARGET_28)",
					"$(LIBRARY_SEARCH_PATHS_QUOTED_FOR_TARGET_29)",
					"$(LIBRARY_SEARCH_PATHS_QUOTED_FOR_TARGET_30)",
					"$(LIBRARY_SEARCH_PATHS_QUOTED_FOR_TARGET_31)",
					"$(LIBRARY_SEARCH_PATHS_QUOTED_FOR_TARGET_32)",
					"$(LIBRARY_SEARCH_PATHS_QUOTED_FOR_TARGET_33)",
					"$(LIBRARY_SEARCH_PATHS_QUOTED_FOR_TARGET_34)",
					"$(LIBRARY_SEARCH_PATHS_QUOTED_FOR_TARGET_35)",
					"$(LIBRARY_SEARCH_PATHS_QUOTED_FOR_TARGET_36)",
					"$(LIBRARY_SEARCH_PATHS_QUOTED_FOR_TARGET_37)",
					"$(LIBRARY_SEARCH_PATHS_QUOTED_FOR_TARGET_38)",
					"$(LIBRARY_SEARCH_PATHS_QUOTED_FOR_TARGET_39)",
					"$(LIBRARY_SEARCH_PATHS_QUOTED_FOR_TARGET_40)",
					"$(LIBRARY_SEARCH_PATHS_QUOTED_FOR_TARGET_41)",
					"$(LIBRARY_SEARCH_PATHS_QUOTED_FOR_TARGET_42)",
					"$(LIBRARY_SEARCH_PATHS_QUOTED_FOR_TARGET_43)",
					"$(LIBRARY_SEARCH_PATHS_QUOTED_FOR_TARGET_44)",
					"$(LIBRARY_SEARCH_PATHS_QUOTED_FOR_TARGET_45)",
					"$(LIBRARY_SEARCH_PATHS_QUOTED_FOR_TARGET_46)",
					"$(LIBRARY_SEARCH_PATHS_QUOTED_FOR_TARGET_47)",
					"$(LIBRARY_SEARCH_PATHS_QUOTED_FOR_TARGET_48)",
					"$(LIBRARY_SEARCH_PATHS_QUOTED_FOR_TARGET_49)",
					"$(LIBRARY_SEARCH_PATHS_QUOTED_FOR_TARGET_50)",
					"$(LIBRARY_SEARCH_PATHS_QUOTED_FOR_TARGET_51)",
					"/Users/Bernhard/kinect/OpenNI-Bin-Dev-MacOSX-v1.5.7.10/Lib",
					/Users/Bernhard/git/of_v0.8.1_osx_release/addons/ofxAssimpModelLoader/libs/assimp/lib/osx,
				);
				PRODUCT_NAME = "introspection-illusion";
				SDKROOT = macosx10.8;
				WRAPPER_EXTENSION = app;
			};
			name = Release;
		};
/* End XCBuildConfiguration section */

/* Begin XCConfigurationList section */
		E4B69B4D0A3A1720003C02F2 /* Build configuration list for PBXProject "introspection-illusion" */ = {
			isa = XCConfigurationList;
			buildConfigurations = (
				E4B69B4E0A3A1720003C02F2 /* Debug */,
				E4B69B4F0A3A1720003C02F2 /* Release */,
			);
			defaultConfigurationIsVisible = 0;
			defaultConfigurationName = Release;
		};
		E4B69B5F0A3A1757003C02F2 /* Build configuration list for PBXNativeTarget "introspection-illusion" */ = {
			isa = XCConfigurationList;
			buildConfigurations = (
				E4B69B600A3A1757003C02F2 /* Debug */,
				E4B69B610A3A1757003C02F2 /* Release */,
			);
			defaultConfigurationIsVisible = 0;
			defaultConfigurationName = Release;
		};
/* End XCConfigurationList section */
	};
	rootObject = E4B69B4C0A3A1720003C02F2 /* Project object */;
}
